
Microsoft Visual Studio Solution File, Format Version 12.00
# Visual Studio Version 17
VisualStudioVersion = 17.14.37111.16 d17.14
MinimumVisualStudioVersion = 10.0.40219.1
Project("{FAE04EC0-301F-11D3-BF4B-00C04F79EFBC}") = "Labb3_API", "Labb3_API\Labb3_API.csproj", "{A12B5EA5-E808-4058-A319-B6E0C60A2ED7}"
EndProject
Global
	GlobalSection(SolutionConfigurationPlatforms) = preSolution
		Debug|Any CPU = Debug|Any CPU
		Release|Any CPU = Release|Any CPU
	EndGlobalSection
	GlobalSection(ProjectConfigurationPlatforms) = postSolution
		{A12B5EA5-E808-4058-A319-B6E0C60A2ED7}.Debug|Any CPU.ActiveCfg = Debug|Any CPU
		{A12B5EA5-E808-4058-A319-B6E0C60A2ED7}.Debug|Any CPU.Build.0 = Debug|Any CPU
		{A12B5EA5-E808-4058-A319-B6E0C60A2ED7}.Release|Any CPU.ActiveCfg = Release|Any CPU
		{A12B5EA5-E808-4058-A319-B6E0C60A2ED7}.Release|Any CPU.Build.0 = Release|Any CPU
	EndGlobalSection
	GlobalSection(SolutionProperties) = preSolution
		HideSolutionNode = FALSE
	EndGlobalSection
	GlobalSection(ExtensibilityGlobals) = postSolution
		SolutionGuid = {96E339F8-99C9-42B9-9075-57063FF465F9}
	EndGlobalSection
EndGlobal
